
Microsoft Visual Studio Solution File, Format Version 12.00
# Visual Studio Version 17
VisualStudioVersion = 17.5.33516.290
MinimumVisualStudioVersion = 10.0.40219.1
Project("{9A19103F-16F7-4668-BE54-9A1E7A4F7556}") = "KampIntro", "KampIntro\KampIntro.csproj", "{80D1FD80-CB38-4912-AB69-574091378ED7}"
EndProject
Project("{9A19103F-16F7-4668-BE54-9A1E7A4F7556}") = "Donguler", "Donguler\Donguler.csproj", "{745BA3F1-36D9-4803-953C-0D94CA04D68D}"
EndProject
Project("{9A19103F-16F7-4668-BE54-9A1E7A4F7556}") = "Classintro", "Classintro\Classintro.csproj", "{65689E5F-67B8-434F-A09C-AB45B96F73A0}"
EndProject
Project("{9A19103F-16F7-4668-BE54-9A1E7A4F7556}") = "Metotlar", "Metotlar\Metotlar.csproj", "{014CB700-8E32-4770-BCD1-06A8B17B827C}"
EndProject
Project("{9A19103F-16F7-4668-BE54-9A1E7A4F7556}") = "Matematik", "Matematik\Matematik.csproj", "{DA29DB3D-201A-4620-8C4C-703109515477}"
EndProject
Global
	GlobalSection(SolutionConfigurationPlatforms) = preSolution
		Debug|Any CPU = Debug|Any CPU
		Release|Any CPU = Release|Any CPU
	EndGlobalSection
	GlobalSection(ProjectConfigurationPlatforms) = postSolution
		{80D1FD80-CB38-4912-AB69-574091378ED7}.Debug|Any CPU.ActiveCfg = Debug|Any CPU
		{80D1FD80-CB38-4912-AB69-574091378ED7}.Debug|Any CPU.Build.0 = Debug|Any CPU
		{80D1FD80-CB38-4912-AB69-574091378ED7}.Release|Any CPU.ActiveCfg = Release|Any CPU
		{80D1FD80-CB38-4912-AB69-574091378ED7}.Release|Any CPU.Build.0 = Release|Any CPU
		{745BA3F1-36D9-4803-953C-0D94CA04D68D}.Debug|Any CPU.ActiveCfg = Debug|Any CPU
		{745BA3F1-36D9-4803-953C-0D94CA04D68D}.Debug|Any CPU.Build.0 = Debug|Any CPU
		{745BA3F1-36D9-4803-953C-0D94CA04D68D}.Release|Any CPU.ActiveCfg = Release|Any CPU
		{745BA3F1-36D9-4803-953C-0D94CA04D68D}.Release|Any CPU.Build.0 = Release|Any CPU
		{65689E5F-67B8-434F-A09C-AB45B96F73A0}.Debug|Any CPU.ActiveCfg = Debug|Any CPU
		{65689E5F-67B8-434F-A09C-AB45B96F73A0}.Debug|Any CPU.Build.0 = Debug|Any CPU
		{65689E5F-67B8-434F-A09C-AB45B96F73A0}.Release|Any CPU.ActiveCfg = Release|Any CPU
		{65689E5F-67B8-434F-A09C-AB45B96F73A0}.Release|Any CPU.Build.0 = Release|Any CPU
		{014CB700-8E32-4770-BCD1-06A8B17B827C}.Debug|Any CPU.ActiveCfg = Debug|Any CPU
		{014CB700-8E32-4770-BCD1-06A8B17B827C}.Debug|Any CPU.Build.0 = Debug|Any CPU
		{014CB700-8E32-4770-BCD1-06A8B17B827C}.Release|Any CPU.ActiveCfg = Release|Any CPU
		{014CB700-8E32-4770-BCD1-06A8B17B827C}.Release|Any CPU.Build.0 = Release|Any CPU
		{DA29DB3D-201A-4620-8C4C-703109515477}.Debug|Any CPU.ActiveCfg = Debug|Any CPU
		{DA29DB3D-201A-4620-8C4C-703109515477}.Debug|Any CPU.Build.0 = Debug|Any CPU
		{DA29DB3D-201A-4620-8C4C-703109515477}.Release|Any CPU.ActiveCfg = Release|Any CPU
		{DA29DB3D-201A-4620-8C4C-703109515477}.Release|Any CPU.Build.0 = Release|Any CPU
	EndGlobalSection
	GlobalSection(SolutionProperties) = preSolution
		HideSolutionNode = FALSE
	EndGlobalSection
	GlobalSection(ExtensibilityGlobals) = postSolution
		SolutionGuid = {CB973092-790E-489F-954B-E99E5F8201B1}
	EndGlobalSection
EndGlobal
